{
  "name": "seated",
  "version": "1.0.0",
  "lockfileVersion": 3,
  "requires": true,
  "packages": {
    "": {
      "name": "seated",
      "version": "1.0.0",
      "license": "ISC",
      "dependencies": {
        "@prelude.so/js-sdk": "^0.9.0",
        "playwright": "^1.60.0"
      }
    },
    "node_modules/@prelude.so/core": {
      "version": "0.2.0",
      "resolved": "https://registry.npmjs.org/@prelude.so/core/-/core-0.2.0.tgz",
      "integrity": "sha512-pud8aKQQDlKPPblAIVHURM2C4WDQzZoAyM5tuHdKfbsrCmacg7136A1ZEoq+eUlhQCgXox5Dci9K0K/GexdaBw==",
      "license": "Apache-2.0"
    },
    "node_modules/@prelude.so/js-sdk": {
      "version": "0.9.0",
      "resolved": "https://registry.npmjs.org/@prelude.so/js-sdk/-/js-sdk-0.9.0.tgz",
      "integrity": "sha512-Wn7h8vNXaQIPWWkf0CjpEEonRSizsAeeZOQMKkoZlP9CBuqfaUPcg9CO5fRLQBx77kkgWcRZ1T74Aq9/v1V8vA==",
      "license": "Apache-2.0",
      "dependencies": {
        "@prelude.so/core": "^0.2.0",
        "browser-tabs-lock": "^1.3.0"
      },
      "engines": {
        "node": ">=22"
      }
    },
    "node_modules/browser-tabs-lock": {
      "version": "1.3.0",
      "resolved": "https://registry.npmjs.org/browser-tabs-lock/-/browser-tabs-lock-1.3.0.tgz",
      "integrity": "sha512-g6nHaobTiT0eMZ7jh16YpD2kcjAp+PInbiVq3M1x6KKaEIVhT4v9oURNIpZLOZ3LQbQ3XYfNhMAb/9hzNLIWrw==",
      "hasInstallScript": true,
      "license": "MIT",
      "dependencies": {
        "lodash": ">=4.17.21"
      }
    },
    "node_modules/fsevents": {
      "version": "2.3.2",
      "resolved": "https://registry.npmjs.org/fsevents/-/fsevents-2.3.2.tgz",
      "integrity": "sha512-xiqMQR4xAeHTuB9uWm+fFRcIOgKBMiOBP+eXiyT7jsgVCq1bkVygt00oASowB7EdtpOHaaPgKt812P9ab+DDKA==",
      "hasInstallScript": true,
      "license": "MIT",
      "optional": true,
      "os": [
        "darwin"
      ],
      "engines": {
        "node": "^8.16.0 || ^10.6.0 || >=11.0.0"
      }
    },
    "node_modules/lodash": {
      "version": "4.18.1",
      "resolved": "https://registry.npmjs.org/lodash/-/lodash-4.18.1.tgz",
      "integrity": "sha512-dMInicTPVE8d1e5otfwmmjlxkZoUpiVLwyeTdUsi/Caj/gfzzblBcCE5sRHV/AsjuCmxWrte2TNGSYuCeCq+0Q==",
      "license": "MIT"
    },
    "node_modules/playwright": {
      "version": "1.60.0",
      "resolved": "https://registry.npmjs.org/playwright/-/playwright-1.60.0.tgz",
      "integrity": "sha512-hheHdokM8cdqCb0lcE3s+zT4t4W+vvjpGxsZlDnikarzx8tSzMebh3UiFtgqwFwnTnjYQcsyMF8ei2mCO/tpeA==",
      "license": "Apache-2.0",
      "dependencies": {
        "playwright-core": "1.60.0"
      },
      "bin": {
        "playwright": "cli.js"
      },
      "engines": {
        "node": ">=18"
      },
      "optionalDependencies": {
        "fsevents": "2.3.2"
      }
    },
    "node_modules/playwright-core": {
      "version": "1.60.0",
      "resolved": "https://registry.npmjs.org/playwright-core/-/playwright-core-1.60.0.tgz",
      "integrity": "sha512-9bW6zvX/m0lEbgTKJ6YppOKx8H3VOPBMOCFh2irXFOT4BbHgrx5hPjwJYLT40Lu+4qtD36qKc/Hn56StUW57IA==",
      "license": "Apache-2.0",
      "bin": {
        "playwright-core": "cli.js"
      },
      "engines": {
        "node": ">=18"
      }
    }
  }
}
